// !$*UTF8*$!
{
	archiveVersion = 1;
	classes = {
	};
	objectVersion = 55;
	objects = {

/* Begin PBXBuildFile section */
		9A1EB0ED2743C0EE005C2C47 /* AppDelegate.swift in Sources */ = {isa = PBXBuildFile; fileRef = 9A1EB0EC2743C0EE005C2C47 /* AppDelegate.swift */; };
		9A1EB0EF2743C0EE005C2C47 /* SceneDelegate.swift in Sources */ = {isa = PBXBuildFile; fileRef = 9A1EB0EE2743C0EE005C2C47 /* SceneDelegate.swift */; };
		9A1EB0F12743C0EE005C2C47 /* ViewController.swift in Sources */ = {isa = PBXBuildFile; fileRef = 9A1EB0F02743C0EE005C2C47 /* ViewController.swift */; };
		9A1EB0F42743C0EF005C2C47 /* Main.storyboard in Resources */ = {isa = PBXBuildFile; fileRef = 9A1EB0F22743C0EF005C2C47 /* Main.storyboard */; };
		9A1EB0F62743C0F1005C2C47 /* Assets.xcassets in Resources */ = {isa = PBXBuildFile; fileRef = 9A1EB0F52743C0F1005C2C47 /* Assets.xcassets */; };
		9A1EB0F92743C0F1005C2C47 /* LaunchScreen.storyboard in Resources */ = {isa = PBXBuildFile; fileRef = 9A1EB0F72743C0F1005C2C47 /* LaunchScreen.storyboard */; };
		9A1EB1042743C0F1005C2C47 /* sos1Tests.swift in Sources */ = {isa = PBXBuildFile; fileRef = 9A1EB1032743C0F1005C2C47 /* sos1Tests.swift */; };
		9A1EB10E2743C0F1005C2C47 /* sos1UITests.swift in Sources */ = {isa = PBXBuildFile; fileRef = 9A1EB10D2743C0F1005C2C47 /* sos1UITests.swift */; };
		9A1EB1102743C0F1005C2C47 /* sos1UITestsLaunchTests.swift in Sources */ = {isa = PBXBuildFile; fileRef = 9A1EB10F2743C0F1005C2C47 /* sos1UITestsLaunchTests.swift */; };
/* End PBXBuildFile section */

/* Begin PBXContainerItemProxy section */
		9A1EB1002743C0F1005C2C47 /* PBXContainerItemProxy */ = {
			isa = PBXContainerItemProxy;
			containerPortal = 9A1EB0E12743C0EE005C2C47 /* Project object */;
			proxyType = 1;
			remoteGlobalIDString = 9A1EB0E82743C0EE005C2C47;
			remoteInfo = sos1;
		};
		9A1EB10A2743C0F1005C2C47 /* PBXContainerItemProxy */ = {
			isa = PBXContainerItemProxy;
			containerPortal = 9A1EB0E12743C0EE005C2C47 /* Project object */;
			proxyType = 1;
			remoteGlobalIDString = 9A1EB0E82743C0EE005C2C47;
			remoteInfo = sos1;
		};
/* End PBXContainerItemProxy section */

/* Begin PBXFileReference section */
		9A1EB0E92743C0EE005C2C47 /* sos1.app */ = {isa = PBXFileReference; explicitFileType = wrapper.application; includeInIndex = 0; path = sos1.app; sourceTree = BUILT_PRODUCTS_DIR; };
		9A1EB0EC2743C0EE005C2C47 /* AppDelegate.swift */ = {isa = PBXFileReference; lastKnownFileType = sourcecode.swift; path = AppDelegate.swift; sourceTree = "<group>"; };
		9A1EB0EE2743C0EE005C2C47 /* SceneDelegate.swift */ = {isa = PBXFileReference; lastKnownFileType = sourcecode.swift; path = SceneDelegate.swift; sourceTree = "<group>"; };
		9A1EB0F02743C0EE005C2C47 /* ViewController.swift */ = {isa = PBXFileReference; lastKnownFileType = sourcecode.swift; path = ViewController.swift; sourceTree = "<group>"; };
		9A1EB0F32743C0EF005C2C47 /* Base */ = {isa = PBXFileReference; lastKnownFileType = file.storyboard; name = Base; path = Base.lproj/Main.storyboard; sourceTree = "<group>"; };
		9A1EB0F52743C0F1005C2C47 /* Assets.xcassets */ = {isa = PBXFileReference; lastKnownFileType = folder.assetcatalog; path = Assets.xcassets; sourceTree = "<group>"; };
		9A1EB0F82743C0F1005C2C47 /* Base */ = {isa = PBXFileReference; lastKnownFileType = file.storyboard; name = Base; path = Base.lproj/LaunchScreen.storyboard; sourceTree = "<group>"; };
		9A1EB0FA2743C0F1005C2C47 /* Info.plist */ = {isa = PBXFileReference; lastKnownFileType = text.plist.xml; path = Info.plist; sourceTree = "<group>"; };
		9A1EB0FF2743C0F1005C2C47 /* sos1Tests.xctest */ = {isa = PBXFileReference; explicitFileType = wrapper.cfbundle; includeInIndex = 0; path = sos1Tests.xctest; sourceTree = BUILT_PRODUCTS_DIR; };
		9A1EB1032743C0F1005C2C47 /* sos1Tests.swift */ = {isa = PBXFileReference; lastKnownFileType = sourcecode.swift; path = sos1Tests.swift; sourceTree = "<group>"; };
		9A1EB1092743C0F1005C2C47 /* sos1UITests.xctest */ = {isa = PBXFileReference; explicitFileType = wrapper.cfbundle; includeInIndex = 0; path = sos1UITests.xctest; sourceTree = BUILT_PRODUCTS_DIR; };
		9A1EB10D2743C0F1005C2C47 /* sos1UITests.swift */ = {isa = PBXFileReference; lastKnownFileType = sourcecode.swift; path = sos1UITests.swift; sourceTree = "<group>"; };
		9A1EB10F2743C0F1005C2C47 /* sos1UITestsLaunchTests.swift */ = {isa = PBXFileReference; lastKnownFileType = sourcecode.swift; path = sos1UITestsLaunchTests.swift; sourceTree = "<group>"; };
/* End PBXFileReference section */

/* Begin PBXFrameworksBuildPhase section */
		9A1EB0E62743C0EE005C2C47 /* Frameworks */ = {
			isa = PBXFrameworksBuildPhase;
			buildActionMask = 2147483647;
			files = (
			);
			runOnlyForDeploymentPostprocessing = 0;
		};
		9A1EB0FC2743C0F1005C2C47 /* Frameworks */ = {
			isa = PBXFrameworksBuildPhase;
			buildActionMask = 2147483647;
			files = (
			);
			runOnlyForDeploymentPostprocessing = 0;
		};
		9A1EB1062743C0F1005C2C47 /* Frameworks */ = {
			isa = PBXFrameworksBuildPhase;
			buildActionMask = 2147483647;
			files = (
			);
			runOnlyForDeploymentPostprocessing = 0;
		};
/* End PBXFrameworksBuildPhase section */

/* Begin PBXGroup section */
		9A1EB0E02743C0EE005C2C47 = {
			isa = PBXGroup;
			children = (
				9A1EB0EB2743C0EE005C2C47 /* sos1 */,
				9A1EB1022743C0F1005C2C47 /* sos1Tests */,
				9A1EB10C2743C0F1005C2C47 /* sos1UITests */,
				9A1EB0EA2743C0EE005C2C47 /* Products */,
			);
			sourceTree = "<group>";
		};
		9A1EB0EA2743C0EE005C2C47 /* Products */ = {
			isa = PBXGroup;
			children = (
				9A1EB0E92743C0EE005C2C47 /* sos1.app */,
				9A1EB0FF2743C0F1005C2C47 /* sos1Tests.xctest */,
				9A1EB1092743C0F1005C2C47 /* sos1UITests.xctest */,
			);
			name = Products;
			sourceTree = "<group>";
		};
		9A1EB0EB2743C0EE005C2C47 /* sos1 */ = {
			isa = PBXGroup;
			children = (
				9A1EB0EC2743C0EE005C2C47 /* AppDelegate.swift */,
				9A1EB0EE2743C0EE005C2C47 /* SceneDelegate.swift */,
				9A1EB0F02743C0EE005C2C47 /* ViewController.swift */,
				9A1EB0F22743C0EF005C2C47 /* Main.storyboard */,
				9A1EB0F52743C0F1005C2C47 /* Assets.xcassets */,
				9A1EB0F72743C0F1005C2C47 /* LaunchScreen.storyboard */,
				9A1EB0FA2743C0F1005C2C47 /* Info.plist */,
			);
			path = sos1;
			sourceTree = "<group>";
		};
		9A1EB1022743C0F1005C2C47 /* sos1Tests */ = {
			isa = PBXGroup;
			children = (
				9A1EB1032743C0F1005C2C47 /* sos1Tests.swift */,
			);
			path = sos1Tests;
			sourceTree = "<group>";
		};
		9A1EB10C2743C0F1005C2C47 /* sos1UITests */ = {
			isa = PBXGroup;
			children = (
				9A1EB10D2743C0F1005C2C47 /* sos1UITests.swift */,
				9A1EB10F2743C0F1005C2C47 /* sos1UITestsLaunchTests.swift */,
			);
			path = sos1UITests;
			sourceTree = "<group>";
		};
/* End PBXGroup section */

/* Begin PBXNativeTarget section */
		9A1EB0E82743C0EE005C2C47 /* sos1 */ = {
			isa = PBXNativeTarget;
			buildConfigurationList = 9A1EB1132743C0F1005C2C47 /* Build configuration list for PBXNativeTarget "sos1" */;
			buildPhases = (
				9A1EB0E52743C0EE005C2C47 /* Sources */,
				9A1EB0E62743C0EE005C2C47 /* Frameworks */,
				9A1EB0E72743C0EE005C2C47 /* Resources */,
			);
			buildRules = (
			);
			dependencies = (
			);
			name = sos1;
			productName = sos1;
			productReference = 9A1EB0E92743C0EE005C2C47 /* sos1.app */;
			productType = "com.apple.product-type.application";
		};
		9A1EB0FE2743C0F1005C2C47 /* sos1Tests */ = {
			isa = PBXNativeTarget;
			buildConfigurationList = 9A1EB1162743C0F1005C2C47 /* Build configuration list for PBXNativeTarget "sos1Tests" */;
			buildPhases = (
				9A1EB0FB2743C0F1005C2C47 /* Sources */,
				9A1EB0FC2743C0F1005C2C47 /* Frameworks */,
				9A1EB0FD2743C0F1005C2C47 /* Resources */,
			);
			buildRules = (
			);
			dependencies = (
				9A1EB1012743C0F1005C2C47 /* PBXTargetDependency */,
			);
			name = sos1Tests;
			productName = sos1Tests;
			productReference = 9A1EB0FF2743C0F1005C2C47 /* sos1Tests.xctest */;
			productType = "com.apple.product-type.bundle.unit-test";
		};
		9A1EB1082743C0F1005C2C47 /* sos1UITests */ = {
			isa = PBXNativeTarget;
			buildConfigurationList = 9A1EB1192743C0F1005C2C47 /* Build configuration list for PBXNativeTarget "sos1UITests" */;
			buildPhases = (
				9A1EB1052743C0F1005C2C47 /* Sources */,
				9A1EB1062743C0F1005C2C47 /* Frameworks */,
				9A1EB1072743C0F1005C2C47 /* Resources */,
			);
			buildRules = (
			);
			dependencies = (
				9A1EB10B2743C0F1005C2C47 /* PBXTargetDependency */,
			);
			name = sos1UITests;
			productName = sos1UITests;
			productReference = 9A1EB1092743C0F1005C2C47 /* sos1UITests.xctest */;
			productType = "com.apple.product-type.bundle.ui-testing";
		};
/* End PBXNativeTarget section */

/* Begin PBXProject section */
		9A1EB0E12743C0EE005C2C47 /* Project object */ = {
			isa = PBXProject;
			attributes = {
				BuildIndependentTargetsInParallel = 1;
				LastSwiftUpdateCheck = 1310;
				LastUpgradeCheck = 1310;
				TargetAttributes = {
					9A1EB0E82743C0EE005C2C47 = {
						CreatedOnToolsVersion = 13.1;
					};
					9A1EB0FE2743C0F1005C2C47 = {
						CreatedOnToolsVersion = 13.1;
						TestTargetID = 9A1EB0E82743C0EE005C2C47;
					};
					9A1EB1082743C0F1005C2C47 = {
						CreatedOnToolsVersion = 13.1;
						TestTargetID = 9A1EB0E82743C0EE005C2C47;
					};
				};
			};
			buildConfigurationList = 9A1EB0E42743C0EE005C2C47 /* Build configuration list for PBXProject "sos1" */;
			compatibilityVersion = "Xcode 13.0";
			developmentRegion = en;
			hasScannedForEncodings = 0;
			knownRegions = (
				en,
				Base,
			);
			mainGroup = 9A1EB0E02743C0EE005C2C47;
			productRefGroup = 9A1EB0EA2743C0EE005C2C47 /* Products */;
			projectDirPath = "";
			projectRoot = "";
			targets = (
				9A1EB0E82743C0EE005C2C47 /* sos1 */,
				9A1EB0FE2743C0F1005C2C47 /* sos1Tests */,
				9A1EB1082743C0F1005C2C47 /* sos1UITests */,
			);
		};
/* End PBXProject section */

/* Begin PBXResourcesBuildPhase section */
		9A1EB0E72743C0EE005C2C47 /* Resources */ = {
			isa = PBXResourcesBuildPhase;
			buildActionMask = 2147483647;
			files = (
				9A1EB0F92743C0F1005C2C47 /* LaunchScreen.storyboard in Resources */,
				9A1EB0F62743C0F1005C2C47 /* Assets.xcassets in Resources */,
				9A1EB0F42743C0EF005C2C47 /* Main.storyboard in Resources */,
			);
			runOnlyForDeploymentPostprocessing = 0;
		};
		9A1EB0FD2743C0F1005C2C47 /* Resources */ = {
			isa = PBXResourcesBuildPhase;
			buildActionMask = 2147483647;
			files = (
			);
			runOnlyForDeploymentPostprocessing = 0;
		};
		9A1EB1072743C0F1005C2C47 /* Resources */ = {
			isa = PBXResourcesBuildPhase;
			buildActionMask = 2147483647;
			files = (
			);
			runOnlyForDeploymentPostprocessing = 0;
		};
/* End PBXResourcesBuildPhase section */

/* Begin PBXSourcesBuildPhase section */
		9A1EB0E52743C0EE005C2C47 /* Sources */ = {
			isa = PBXSourcesBuildPhase;
			buildActionMask = 2147483647;
			files = (
				9A1EB0F12743C0EE005C2C47 /* ViewController.swift in Sources */,
				9A1EB0ED2743C0EE005C2C47 /* AppDelegate.swift in Sources */,
				9A1EB0EF2743C0EE005C2C47 /* SceneDelegate.swift in Sources */,
			);
			runOnlyForDeploymentPostprocessing = 0;
		};
		9A1EB0FB2743C0F1005C2C47 /* Sources */ = {
			isa = PBXSourcesBuildPhase;
			buildActionMask = 2147483647;
			files = (
				9A1EB1042743C0F1005C2C47 /* sos1Tests.swift in Sources */,
			);
			runOnlyForDeploymentPostprocessing = 0;
		};
		9A1EB1052743C0F1005C2C47 /* Sources */ = {
			isa = PBXSourcesBuildPhase;
			buildActionMask = 2147483647;
			files = (
				9A1EB1102743C0F1005C2C47 /* sos1UITestsLaunchTests.swift in Sources */,
				9A1EB10E2743C0F1005C2C47 /* sos1UITests.swift in Sources */,
			);
			runOnlyForDeploymentPostprocessing = 0;
		};
/* End PBXSourcesBuildPhase section */

/* Begin PBXTargetDependency section */
		9A1EB1012743C0F1005C2C47 /* PBXTargetDependency */ = {
			isa = PBXTargetDependency;
			target = 9A1EB0E82743C0EE005C2C47 /* sos1 */;
			targetProxy = 9A1EB1002743C0F1005C2C47 /* PBXContainerItemProxy */;
		};
		9A1EB10B2743C0F1005C2C47 /* PBXTargetDependency */ = {
			isa = PBXTargetDependency;
			target = 9A1EB0E82743C0EE005C2C47 /* sos1 */;
			targetProxy = 9A1EB10A2743C0F1005C2C47 /* PBXContainerItemProxy */;
		};
/* End PBXTargetDependency section */

/* Begin PBXVariantGroup section */
		9A1EB0F22743C0EF005C2C47 /* Main.storyboard */ = {
			isa = PBXVariantGroup;
			children = (
				9A1EB0F32743C0EF005C2C47 /* Base */,
			);
			name = Main.storyboard;
			sourceTree = "<group>";
		};
		9A1EB0F72743C0F1005C2C47 /* LaunchScreen.storyboard */ = {
			isa = PBXVariantGroup;
			children = (
				9A1EB0F82743C0F1005C2C47 /* Base */,
			);
			name = LaunchScreen.storyboard;
			sourceTree = "<group>";
		};
/* End PBXVariantGroup section */

/* Begin XCBuildConfiguration section */
		9A1EB1112743C0F1005C2C47 /* Debug */ = {
			isa = XCBuildConfiguration;
			buildSettings = {
				ALWAYS_SEARCH_USER_PATHS = NO;
				CLANG_ANALYZER_NONNULL = YES;
				CLANG_ANALYZER_NUMBER_OBJECT_CONVERSION = YES_AGGRESSIVE;
				CLANG_CXX_LANGUAGE_STANDARD = "gnu++17";
				CLANG_CXX_LIBRARY = "libc++";
				CLANG_ENABLE_MODULES = YES;
				CLANG_ENABLE_OBJC_ARC = YES;
				CLANG_ENABLE_OBJC_WEAK = YES;
				CLANG_WARN_BLOCK_CAPTURE_AUTORELEASING = YES;
				CLANG_WARN_BOOL_CONVERSION = YES;
				CLANG_WARN_COMMA = YES;
				CLANG_WARN_CONSTANT_CONVERSION = YES;
				CLANG_WARN_DEPRECATED_OBJC_IMPLEMENTATIONS = YES;
				CLANG_WARN_DIRECT_OBJC_ISA_USAGE = YES_ERROR;
				CLANG_WARN_DOCUMENTATION_COMMENTS = YES;
				CLANG_WARN_EMPTY_BODY = YES;
				CLANG_WARN_ENUM_CONVERSION = YES;
				CLANG_WARN_INFINITE_RECURSION = YES;
				CLANG_WARN_INT_CONVERSION = YES;
				CLANG_WARN_NON_LITERAL_NULL_CONVERSION = YES;
				CLANG_WARN_OBJC_IMPLICIT_RETAIN_SELF = YES;
				CLANG_WARN_OBJC_LITERAL_CONVERSION = YES;
				CLANG_WARN_OBJC_ROOT_CLASS = YES_ERROR;
				CLANG_WARN_QUOTED_INCLUDE_IN_FRAMEWORK_HEADER = YES;
				CLANG_WARN_RANGE_LOOP_ANALYSIS = YES;
				CLANG_WARN_STRICT_PROTOTYPES = YES;
				CLANG_WARN_SUSPICIOUS_MOVE = YES;
				CLANG_WARN_UNGUARDED_AVAILABILITY = YES_AGGRESSIVE;
				CLANG_WARN_UNREACHABLE_CODE = YES;
				CLANG_WARN__DUPLICATE_METHOD_MATCH = YES;
				COPY_PHASE_STRIP = NO;
				DEBUG_INFORMATION_FORMAT = dwarf;
				ENABLE_STRICT_OBJC_MSGSEND = YES;
				ENABLE_TESTABILITY = YES;
				GCC_C_LANGUAGE_STANDARD = gnu11;
				GCC_DYNAMIC_NO_PIC = NO;
				GCC_NO_COMMON_BLOCKS = YES;
				GCC_OPTIMIZATION_LEVEL = 0;
				GCC_PREPROCESSOR_DEFINITIONS = (
					"DEBUG=1",
					"$(inherited)",
				);
				GCC_WARN_64_TO_32_BIT_CONVERSION = YES;
				GCC_WARN_ABOUT_RETURN_TYPE = YES_ERROR;
				GCC_WARN_UNDECLARED_SELECTOR = YES;
				GCC_WARN_UNINITIALIZED_AUTOS = YES_AGGRESSIVE;
				GCC_WARN_UNUSED_FUNCTION = YES;
				GCC_WARN_UNUSED_VARIABLE = YES;
				IPHONEOS_DEPLOYMENT_TARGET = 15.0;
				MTL_ENABLE_DEBUG_INFO = INCLUDE_SOURCE;
				MTL_FAST_MATH = YES;
				ONLY_ACTIVE_ARCH = YES;
				SDKROOT = iphoneos;
				SWIFT_ACTIVE_COMPILATION_CONDITIONS = DEBUG;
				SWIFT_OPTIMIZATION_LEVEL = "-Onone";
			};
			name = Debug;
		};
		9A1EB1122743C0F1005C2C47 /* Release */ = {
			isa = XCBuildConfiguration;
			buildSettings = {
				ALWAYS_SEARCH_USER_PATHS = NO;
				CLANG_ANALYZER_NONNULL = YES;
				CLANG_ANALYZER_NUMBER_OBJECT_CONVERSION = YES_AGGRESSIVE;
				CLANG_CXX_LANGUAGE_STANDARD = "gnu++17";
				CLANG_CXX_LIBRARY = "libc++";
				CLANG_ENABLE_MODULES = YES;
				CLANG_ENABLE_OBJC_ARC = YES;
				CLANG_ENABLE_OBJC_WEAK = YES;
				CLANG_WARN_BLOCK_CAPTURE_AUTORELEASING = YES;
				CLANG_WARN_BOOL_CONVERSION = YES;
				CLANG_WARN_COMMA = YES;
				CLANG_WARN_CONSTANT_CONVERSION = YES;
				CLANG_WARN_DEPRECATED_OBJC_IMPLEMENTATIONS = YES;
				CLANG_WARN_DIRECT_OBJC_ISA_USAGE = YES_ERROR;
				CLANG_WARN_DOCUMENTATION_COMMENTS = YES;
				CLANG_WARN_EMPTY_BODY = YES;
				CLANG_WARN_ENUM_CONVERSION = YES;
				CLANG_WARN_INFINITE_RECURSION = YES;
				CLANG_WARN_INT_CONVERSION = YES;
				CLANG_WARN_NON_LITERAL_NULL_CONVERSION = YES;
				CLANG_WARN_OBJC_IMPLICIT_RETAIN_SELF = YES;
				CLANG_WARN_OBJC_LITERAL_CONVERSION = YES;
				CLANG_WARN_OBJC_ROOT_CLASS = YES_ERROR;
				CLANG_WARN_QUOTED_INCLUDE_IN_FRAMEWORK_HEADER = YES;
				CLANG_WARN_RANGE_LOOP_ANALYSIS = YES;
				CLANG_WARN_STRICT_PROTOTYPES = YES;
				CLANG_WARN_SUSPICIOUS_MOVE = YES;
				CLANG_WARN_UNGUARDED_AVAILABILITY = YES_AGGRESSIVE;
				CLANG_WARN_UNREACHABLE_CODE = YES;
				CLANG_WARN__DUPLICATE_METHOD_MATCH = YES;
				COPY_PHASE_STRIP = NO;
				DEBUG_INFORMATION_FORMAT = "dwarf-with-dsym";
				ENABLE_NS_ASSERTIONS = NO;
				ENABLE_STRICT_OBJC_MSGSEND = YES;
				GCC_C_LANGUAGE_STANDARD = gnu11;
				GCC_NO_COMMON_BLOCKS = YES;
				GCC_WARN_64_TO_32_BIT_CONVERSION = YES;
				GCC_WARN_ABOUT_RETURN_TYPE = YES_ERROR;
				GCC_WARN_UNDECLARED_SELECTOR = YES;
				GCC_WARN_UNINITIALIZED_AUTOS = YES_AGGRESSIVE;
				GCC_WARN_UNUSED_FUNCTION = YES;
				GCC_WARN_UNUSED_VARIABLE = YES;
				IPHONEOS_DEPLOYMENT_TARGET = 15.0;
				MTL_ENABLE_DEBUG_INFO = NO;
				MTL_FAST_MATH = YES;
				SDKROOT = iphoneos;
				SWIFT_COMPILATION_MODE = wholemodule;
				SWIFT_OPTIMIZATION_LEVEL = "-O";
				VALIDATE_PRODUCT = YES;
			};
			name = Release;
		};
		9A1EB1142743C0F1005C2C47 /* Debug */ = {
			isa = XCBuildConfiguration;
			buildSettings = {
				ASSETCATALOG_COMPILER_APPICON_NAME = AppIcon;
				ASSETCATALOG_COMPILER_GLOBAL_ACCENT_COLOR_NAME = AccentColor;
				CODE_SIGN_STYLE = Automatic;
				CURRENT_PROJECT_VERSION = 1;
				GENERATE_INFOPLIST_FILE = YES;
				INFOPLIST_FILE = sos1/Info.plist;
				INFOPLIST_KEY_UIApplicationSupportsIndirectInputEvents = YES;
				INFOPLIST_KEY_UILaunchStoryboardName = LaunchScreen;
				INFOPLIST_KEY_UIMainStoryboardFile = Main;
				INFOPLIST_KEY_UISupportedInterfaceOrientations_iPad = "UIInterfaceOrientationPortrait UIInterfaceOrientationPortraitUpsideDown UIInterfaceOrientationLandscapeLeft UIInterfaceOrientationLandscapeRight";
				INFOPLIST_KEY_UISupportedInterfaceOrientations_iPhone = "UIInterfaceOrientationPortrait UIInterfaceOrientationLandscapeLeft UIInterfaceOrientationLandscapeRight";
				LD_RUNPATH_SEARCH_PATHS = (
					"$(inherited)",
					"@executable_path/Frameworks",
				);
				MARKETING_VERSION = 1.0;
				PRODUCT_BUNDLE_IDENTIFIER = a.sos1;
				PRODUCT_NAME = "$(TARGET_NAME)";
				SWIFT_EMIT_LOC_STRINGS = YES;
				SWIFT_VERSION = 5.0;
				TARGETED_DEVICE_FAMILY = "1,2";
			};
			name = Debug;
		};
		9A1EB1152743C0F1005C2C47 /* Release */ = {
			isa = XCBuildConfiguration;
			buildSettings = {
				ASSETCATALOG_COMPILER_APPICON_NAME = AppIcon;
				ASSETCATALOG_COMPILER_GLOBAL_ACCENT_COLOR_NAME = AccentColor;
				CODE_SIGN_STYLE = Automatic;
				CURRENT_PROJECT_VERSION = 1;
				GENERATE_INFOPLIST_FILE = YES;
				INFOPLIST_FILE = sos1/Info.plist;
				INFOPLIST_KEY_UIApplicationSupportsIndirectInputEvents = YES;
				INFOPLIST_KEY_UILaunchStoryboardName = LaunchScreen;
				INFOPLIST_KEY_UIMainStoryboardFile = Main;
				INFOPLIST_KEY_UISupportedInterfaceOrientations_iPad = "UIInterfaceOrientationPortrait UIInterfaceOrientationPortraitUpsideDown UIInterfaceOrientationLandscapeLeft UIInterfaceOrientationLandscapeRight";
				INFOPLIST_KEY_UISupportedInterfaceOrientations_iPhone = "UIInterfaceOrientationPortrait UIInterfaceOrientationLandscapeLeft UIInterfaceOrientationLandscapeRight";
				LD_RUNPATH_SEARCH_PATHS = (
					"$(inherited)",
					"@executable_path/Frameworks",
				);
				MARKETING_VERSION = 1.0;
				PRODUCT_BUNDLE_IDENTIFIER = a.sos1;
				PRODUCT_NAME = "$(TARGET_NAME)";
				SWIFT_EMIT_LOC_STRINGS = YES;
				SWIFT_VERSION = 5.0;
				TARGETED_DEVICE_FAMILY = "1,2";
			};
			name = Release;
		};
		9A1EB1172743C0F1005C2C47 /* Debug */ = {
			isa = XCBuildConfiguration;
			buildSettings = {
				ALWAYS_EMBED_SWIFT_STANDARD_LIBRARIES = YES;
				BUNDLE_LOADER = "$(TEST_HOST)";
				CODE_SIGN_STYLE = Automatic;
				CURRENT_PROJECT_VERSION = 1;
				GENERATE_INFOPLIST_FILE = YES;
				IPHONEOS_DEPLOYMENT_TARGET = 15.0;
				LD_RUNPATH_SEARCH_PATHS = (
					"$(inherited)",
					"@executable_path/Frameworks",
					"@loader_path/Frameworks",
				);
				MARKETING_VERSION = 1.0;
				PRODUCT_BUNDLE_IDENTIFIER = a.sos1Tests;
				PRODUCT_NAME = "$(TARGET_NAME)";
				SWIFT_EMIT_LOC_STRINGS = NO;
				SWIFT_VERSION = 5.0;
				TARGETED_DEVICE_FAMILY = "1,2";
				TEST_HOST = "$(BUILT_PRODUCTS_DIR)/sos1.app/sos1";
			};
			name = Debug;
		};
		9A1EB1182743C0F1005C2C47 /* Release */ = {
			isa = XCBuildConfiguration;
			buildSettings = {
				ALWAYS_EMBED_SWIFT_STANDARD_LIBRARIES = YES;
				BUNDLE_LOADER = "$(TEST_HOST)";
				CODE_SIGN_STYLE = Automatic;
				CURRENT_PROJECT_VERSION = 1;
				GENERATE_INFOPLIST_FILE = YES;
				IPHONEOS_DEPLOYMENT_TARGET = 15.0;
				LD_RUNPATH_SEARCH_PATHS = (
					"$(inherited)",
					"@executable_path/Frameworks",
					"@loader_path/Frameworks",
				);
				MARKETING_VERSION = 1.0;
				PRODUCT_BUNDLE_IDENTIFIER = a.sos1Tests;
				PRODUCT_NAME = "$(TARGET_NAME)";
				SWIFT_EMIT_LOC_STRINGS = NO;
				SWIFT_VERSION = 5.0;
				TARGETED_DEVICE_FAMILY = "1,2";
				TEST_HOST = "$(BUILT_PRODUCTS_DIR)/sos1.app/sos1";
			};
			name = Release;
		};
		9A1EB11A2743C0F1005C2C47 /* Debug */ = {
			isa = XCBuildConfiguration;
			buildSettings = {
				ALWAYS_EMBED_SWIFT_STANDARD_LIBRARIES = YES;
				CODE_SIGN_STYLE = Automatic;
				CURRENT_PROJECT_VERSION = 1;
				GENERATE_INFOPLIST_FILE = YES;
				LD_RUNPATH_SEARCH_PATHS = (
					"$(inherited)",
					"@executable_path/Frameworks",
					"@loader_path/Frameworks",
				);
				MARKETING_VERSION = 1.0;
				PRODUCT_BUNDLE_IDENTIFIER = a.sos1UITests;
				PRODUCT_NAME = "$(TARGET_NAME)";
				SWIFT_EMIT_LOC_STRINGS = NO;
				SWIFT_VERSION = 5.0;
				TARGETED_DEVICE_FAMILY = "1,2";
				TEST_TARGET_NAME = sos1;
			};
			name = Debug;
		};
		9A1EB11B2743C0F1005C2C47 /* Release */ = {
			isa = XCBuildConfiguration;
			buildSettings = {
				ALWAYS_EMBED_SWIFT_STANDARD_LIBRARIES = YES;
				CODE_SIGN_STYLE = Automatic;
				CURRENT_PROJECT_VERSION = 1;
				GENERATE_INFOPLIST_FILE = YES;
				LD_RUNPATH_SEARCH_PATHS = (
					"$(inherited)",
					"@executable_path/Frameworks",
					"@loader_path/Frameworks",
				);
				MARKETING_VERSION = 1.0;
				PRODUCT_BUNDLE_IDENTIFIER = a.sos1UITests;
				PRODUCT_NAME = "$(TARGET_NAME)";
				SWIFT_EMIT_LOC_STRINGS = NO;
				SWIFT_VERSION = 5.0;
				TARGETED_DEVICE_FAMILY = "1,2";
				TEST_TARGET_NAME = sos1;
			};
			name = Release;
		};
/* End XCBuildConfiguration section */

/* Begin XCConfigurationList section */
		9A1EB0E42743C0EE005C2C47 /* Build configuration list for PBXProject "sos1" */ = {
			isa = XCConfigurationList;
			buildConfigurations = (
				9A1EB1112743C0F1005C2C47 /* Debug */,
				9A1EB1122743C0F1005C2C47 /* Release */,
			);
			defaultConfigurationIsVisible = 0;
			defaultConfigurationName = Release;
		};
		9A1EB1132743C0F1005C2C47 /* Build configuration list for PBXNativeTarget "sos1" */ = {
			isa = XCConfigurationList;
			buildConfigurations = (
				9A1EB1142743C0F1005C2C47 /* Debug */,
				9A1EB1152743C0F1005C2C47 /* Release */,
			);
			defaultConfigurationIsVisible = 0;
			defaultConfigurationName = Release;
		};
		9A1EB1162743C0F1005C2C47 /* Build configuration list for PBXNativeTarget "sos1Tests" */ = {
			isa = XCConfigurationList;
			buildConfigurations = (
				9A1EB1172743C0F1005C2C47 /* Debug */,
				9A1EB1182743C0F1005C2C47 /* Release */,
			);
			defaultConfigurationIsVisible = 0;
			defaultConfigurationName = Release;
		};
		9A1EB1192743C0F1005C2C47 /* Build configuration list for PBXNativeTarget "sos1UITests" */ = {
			isa = XCConfigurationList;
			buildConfigurations = (
				9A1EB11A2743C0F1005C2C47 /* Debug */,
				9A1EB11B2743C0F1005C2C47 /* Release */,
			);
			defaultConfigurationIsVisible = 0;
			defaultConfigurationName = Release;
		};
/* End XCConfigurationList section */
	};
	rootObject = 9A1EB0E12743C0EE005C2C47 /* Project object */;
}
